
Microsoft Visual Studio Solution File, Format Version 12.00
# Visual Studio for Mac
Project("{FAE04EC0-301F-11D3-BF4B-00C04F79EFBC}") = "Assembly-CSharp", "Assembly-CSharp.csproj", "{6F17FE00-9AB8-736E-1242-D602C1CD27A8}"
EndProject
Project("{FAE04EC0-301F-11D3-BF4B-00C04F79EFBC}") = "Assembly-CSharp-Editor", "Assembly-CSharp-Editor.csproj", "{401CFEC0-445C-3F86-9EC7-7B625A236BB5}"
EndProject
Global
	GlobalSection(SolutionConfigurationPlatforms) = preSolution
		Debug|Any CPU = Debug|Any CPU
		Release|Any CPU = Release|Any CPU
	EndGlobalSection
	GlobalSection(ProjectConfigurationPlatforms) = postSolution
		{6F17FE00-9AB8-736E-1242-D602C1CD27A8}.Debug|Any CPU.ActiveCfg = Debug|Any CPU
		{6F17FE00-9AB8-736E-1242-D602C1CD27A8}.Debug|Any CPU.Build.0 = Debug|Any CPU
		{6F17FE00-9AB8-736E-1242-D602C1CD27A8}.Release|Any CPU.ActiveCfg = Release|Any CPU
		{6F17FE00-9AB8-736E-1242-D602C1CD27A8}.Release|Any CPU.Build.0 = Release|Any CPU
		{401CFEC0-445C-3F86-9EC7-7B625A236BB5}.Debug|Any CPU.ActiveCfg = Debug|Any CPU
		{401CFEC0-445C-3F86-9EC7-7B625A236BB5}.Debug|Any CPU.Build.0 = Debug|Any CPU
		{401CFEC0-445C-3F86-9EC7-7B625A236BB5}.Release|Any CPU.ActiveCfg = Release|Any CPU
		{401CFEC0-445C-3F86-9EC7-7B625A236BB5}.Release|Any CPU.Build.0 = Release|Any CPU
	EndGlobalSection
	GlobalSection(SolutionProperties) = preSolution
		HideSolutionNode = FALSE
	EndGlobalSection
	GlobalSection(MonoDevelopProperties) = preSolution
		StartupItem = Assembly-CSharp.csproj
	EndGlobalSection
EndGlobal
